
Microsoft Visual Studio Solution File, Format Version 12.00
# Visual Studio 2012
Project("{FAE04EC0-301F-11D3-BF4B-00C04F79EFBC}") = "Pips", "Pips\Pips.csproj", "{F5CDD4B1-821D-4EF2-9A5D-A9F6C5C2794F}"
EndProject
Project("{FAE04EC0-301F-11D3-BF4B-00C04F79EFBC}") = "Pips.Test", "Pips.Test\Pips.Test.csproj", "{5D21A987-034B-4682-9378-7102D11B3112}"
EndProject
Project("{2150E333-8FDC-42A3-9474-1A3956D46DE8}") = "Solution Items", "Solution Items", "{AC99FC6A-E420-4DF2-A57D-1688083048AB}"
	ProjectSection(SolutionItems) = preProject
		.travis.yml = .travis.yml
		README.md = README.md
		buildspec.yml = buildspec.yml
	EndProjectSection
EndProject
Project("{E53339B2-1760-4266-BCC7-CA923CBCF16C}") = "docker-compose", "docker-compose.dcproj", "{724984CE-A598-470F-8B2A-C32935E585D1}"
EndProject
Global
	GlobalSection(SolutionConfigurationPlatforms) = preSolution
		Debug|Any CPU = Debug|Any CPU
		Release|Any CPU = Release|Any CPU
	EndGlobalSection
	GlobalSection(ProjectConfigurationPlatforms) = postSolution
		{F5CDD4B1-821D-4EF2-9A5D-A9F6C5C2794F}.Debug|Any CPU.ActiveCfg = Debug|Any CPU
		{F5CDD4B1-821D-4EF2-9A5D-A9F6C5C2794F}.Debug|Any CPU.Build.0 = Debug|Any CPU
		{F5CDD4B1-821D-4EF2-9A5D-A9F6C5C2794F}.Release|Any CPU.ActiveCfg = Release|Any CPU
		{F5CDD4B1-821D-4EF2-9A5D-A9F6C5C2794F}.Release|Any CPU.Build.0 = Release|Any CPU
		{5D21A987-034B-4682-9378-7102D11B3112}.Debug|Any CPU.ActiveCfg = Debug|Any CPU
		{5D21A987-034B-4682-9378-7102D11B3112}.Debug|Any CPU.Build.0 = Debug|Any CPU
		{5D21A987-034B-4682-9378-7102D11B3112}.Release|Any CPU.ActiveCfg = Release|Any CPU
		{5D21A987-034B-4682-9378-7102D11B3112}.Release|Any CPU.Build.0 = Release|Any CPU
		{724984CE-A598-470F-8B2A-C32935E585D1}.Debug|Any CPU.ActiveCfg = Debug|Any CPU
		{724984CE-A598-470F-8B2A-C32935E585D1}.Debug|Any CPU.Build.0 = Debug|Any CPU
		{724984CE-A598-470F-8B2A-C32935E585D1}.Release|Any CPU.ActiveCfg = Release|Any CPU
		{724984CE-A598-470F-8B2A-C32935E585D1}.Release|Any CPU.Build.0 = Release|Any CPU
	EndGlobalSection
EndGlobal
